
Microsoft Visual Studio Solution File, Format Version 12.00
# Visual Studio Version 17
VisualStudioVersion = 17.9.34714.143
MinimumVisualStudioVersion = 10.0.40219.1
Project("{FAE04EC0-301F-11D3-BF4B-00C04F79EFBC}") = "AutoMapperTest", "AutoMapperTest\AutoMapperTest.csproj", "{297A4424-0BE8-44CA-A39B-844860A7F71D}"
EndProject
Global
	GlobalSection(SolutionConfigurationPlatforms) = preSolution
		Debug|Any CPU = Debug|Any CPU
		Release|Any CPU = Release|Any CPU
	EndGlobalSection
	GlobalSection(ProjectConfigurationPlatforms) = postSolution
		{297A4424-0BE8-44CA-A39B-844860A7F71D}.Debug|Any CPU.ActiveCfg = Debug|Any CPU
		{297A4424-0BE8-44CA-A39B-844860A7F71D}.Debug|Any CPU.Build.0 = Debug|Any CPU
		{297A4424-0BE8-44CA-A39B-844860A7F71D}.Release|Any CPU.ActiveCfg = Release|Any CPU
		{297A4424-0BE8-44CA-A39B-844860A7F71D}.Release|Any CPU.Build.0 = Release|Any CPU
	EndGlobalSection
	GlobalSection(SolutionProperties) = preSolution
		HideSolutionNode = FALSE
	EndGlobalSection
	GlobalSection(ExtensibilityGlobals) = postSolution
		SolutionGuid = {096FE99B-F717-4F75-A0A8-1A4795C2DB6B}
	EndGlobalSection
EndGlobal
